# THIS IS AN AUTOGENERATED FILE. DO NOT EDIT THIS FILE DIRECTLY.
# yarn lockfile v1


"@babel/code-frame@7.0.0-beta.35":
  version "7.0.0-beta.35"
  resolved "https://registry.yarnpkg.com/@babel/code-frame/-/code-frame-7.0.0-beta.35.tgz#04eeb6dca7efef8f65776a4c214157303b85ad51"
  dependencies:
    chalk "^2.0.0"
    esutils "^2.0.2"
    js-tokens "^3.0.0"

"@types/node@*":
  version "8.5.2"
  resolved "https://registry.yarnpkg.com/@types/node/-/node-8.5.2.tgz#83b8103fa9a2c2e83d78f701a9aa7c9539739aa5"

ansi-regex@^2.0.0:
  version "2.1.1"
  resolved "https://registry.yarnpkg.com/ansi-regex/-/ansi-regex-2.1.1.tgz#c3b33ab5ee360d86e0e628f0468ae7ef27d654df"

ansi-regex@^3.0.0:
  version "3.0.0"
  resolved "https://registry.yarnpkg.com/ansi-regex/-/ansi-regex-3.0.0.tgz#ed0317c322064f79466c02966bddb605ab37d998"

ansi-styles@^2.2.1:
  version "2.2.1"
  resolved "https://registry.yarnpkg.com/ansi-styles/-/ansi-styles-2.2.1.tgz#b432dd3358b634cf75e1e4664368240533c1ddbe"

ansi-styles@^3.1.0, ansi-styles@^3.2.0:
  version "3.2.0"
  resolved "https://registry.yarnpkg.com/ansi-styles/-/ansi-styles-3.2.0.tgz#c159b8d5be0f9e5a6f346dab94f16ce022161b88"
  dependencies:
    color-convert "^1.9.0"

argparse@^1.0.7:
  version "1.0.9"
  resolved "https://registry.yarnpkg.com/argparse/-/argparse-1.0.9.tgz#73d83bc263f86e97f8cc4f6bae1b0e90a7d22c86"
  dependencies:
    sprintf-js "~1.0.2"

array-union@^1.0.1:
  version "1.0.2"
  resolved "https://registry.yarnpkg.com/array-union/-/array-union-1.0.2.tgz#9a34410e4f4e3da23dea375be5be70f24778ec39"
  dependencies:
    array-uniq "^1.0.1"

array-uniq@^1.0.1:
  version "1.0.3"
  resolved "https://registry.yarnpkg.com/array-uniq/-/array-uniq-1.0.3.tgz#af6ac877a25cc7f74e058894753858dfdb24fdb6"

babylon@7.0.0-beta.34:
  version "7.0.0-beta.34"
  resolved "https://registry.yarnpkg.com/babylon/-/babylon-7.0.0-beta.34.tgz#2ccdf97bb4fbc1617619a030a6c0390b2c8f16d6"

bail@^1.0.0:
  version "1.0.2"
  resolved "https://registry.yarnpkg.com/bail/-/bail-1.0.2.tgz#f7d6c1731630a9f9f0d4d35ed1f962e2074a1764"

balanced-match@^1.0.0:
  version "1.0.0"
  resolved "https://registry.yarnpkg.com/balanced-match/-/balanced-match-1.0.0.tgz#89b4d199ab2bee49de164ea02b89ce462d71b767"

bluebird@^3.0.5:
  version "3.5.1"
  resolved "https://registry.yarnpkg.com/bluebird/-/bluebird-3.5.1.tgz#d9551f9de98f1fcda1e683d17ee91a0602ee2eb9"

brace-expansion@^1.1.7:
  version "1.1.8"
  resolved "https://registry.yarnpkg.com/brace-expansion/-/brace-expansion-1.1.8.tgz#c07b211c7c952ec1f8efd51a77ef0d1d3990a292"
  dependencies:
    balanced-match "^1.0.0"
    concat-map "0.0.1"

bs-batteries@0.0.14:
  version "0.0.14"
  resolved "https://registry.yarnpkg.com/bs-batteries/-/bs-batteries-0.0.14.tgz#51536a489615087c05774525c38ab56b4d45df4c"

bs-json@^0.2.4:
  version "0.2.4"
  resolved "https://registry.yarnpkg.com/bs-json/-/bs-json-0.2.4.tgz#dc09dad32ebb27ba71ed587ed76366f193fb96e8"

"bs-node@github:buckletypes/bs-node":
  version "0.0.1"
  resolved "https://codeload.github.com/buckletypes/bs-node/tar.gz/2feff70afcead1f32c5ae9d49f49977dd30c5e2c"

bs-platform@^2.1.0:
  version "2.1.0"
  resolved "https://registry.yarnpkg.com/bs-platform/-/bs-platform-2.1.0.tgz#63560ff8f7142c9c0631559df1c35590b9f6d8b2"

camelcase@4.1.0:
  version "4.1.0"
  resolved "https://registry.yarnpkg.com/camelcase/-/camelcase-4.1.0.tgz#d545635be1e33c542649c69173e5de6acfae34dd"

chalk@2.1.0:
  version "2.1.0"
  resolved "https://registry.yarnpkg.com/chalk/-/chalk-2.1.0.tgz#ac5becf14fa21b99c6c92ca7a7d7cfd5b17e743e"
  dependencies:
    ansi-styles "^3.1.0"
    escape-string-regexp "^1.0.5"
    supports-color "^4.0.0"

chalk@^1.1.3:
  version "1.1.3"
  resolved "https://registry.yarnpkg.com/chalk/-/chalk-1.1.3.tgz#a8115c55e4a702fe4d150abd3872822a7e09fc98"
  dependencies:
    ansi-styles "^2.2.1"
    escape-string-regexp "^1.0.2"
    has-ansi "^2.0.0"
    strip-ansi "^3.0.0"
    supports-color "^2.0.0"

chalk@^2.0.0, chalk@^2.0.1, chalk@^2.3.0:
  version "2.3.0"
  resolved "https://registry.yarnpkg.com/chalk/-/chalk-2.3.0.tgz#b5ea48efc9c1793dccc9b4767c93914d3f2d52ba"
  dependencies:
    ansi-styles "^3.1.0"
    escape-string-regexp "^1.0.5"
    supports-color "^4.0.0"

character-entities-legacy@^1.0.0:
  version "1.1.1"
  resolved "https://registry.yarnpkg.com/character-entities-legacy/-/character-entities-legacy-1.1.1.tgz#f40779df1a101872bb510a3d295e1fccf147202f"

character-entities@^1.0.0:
  version "1.2.1"
  resolved "https://registry.yarnpkg.com/character-entities/-/character-entities-1.2.1.tgz#f76871be5ef66ddb7f8f8e3478ecc374c27d6dca"

character-reference-invalid@^1.0.0:
  version "1.1.1"
  resolved "https://registry.yarnpkg.com/character-reference-invalid/-/character-reference-invalid-1.1.1.tgz#942835f750e4ec61a308e60c2ef8cc1011202efc"

cjk-regex@1.0.2:
  version "1.0.2"
  resolved "https://registry.yarnpkg.com/cjk-regex/-/cjk-regex-1.0.2.tgz#86f5170ecfaef9049ec91f8068e15d63d8e10154"

collapse-white-space@^1.0.2:
  version "1.0.3"
  resolved "https://registry.yarnpkg.com/collapse-white-space/-/collapse-white-space-1.0.3.tgz#4b906f670e5a963a87b76b0e1689643341b6023c"

color-convert@^1.9.0:
  version "1.9.1"
  resolved "https://registry.yarnpkg.com/color-convert/-/color-convert-1.9.1.tgz#c1261107aeb2f294ebffec9ed9ecad529a6097ed"
  dependencies:
    color-name "^1.1.1"

color-name@^1.1.1:
  version "1.1.3"
  resolved "https://registry.yarnpkg.com/color-name/-/color-name-1.1.3.tgz#a7d0558bd89c42f795dd42328f740831ca53bc25"

commander@^2.9.0:
  version "2.12.2"
  resolved "https://registry.yarnpkg.com/commander/-/commander-2.12.2.tgz#0f5946c427ed9ec0d91a46bb9def53e54650e555"

concat-map@0.0.1:
  version "0.0.1"
  resolved "https://registry.yarnpkg.com/concat-map/-/concat-map-0.0.1.tgz#d8a96bd77fd68df7793a73036a3ba0d5405d477b"

cosmiconfig@3.1.0:
  version "3.1.0"
  resolved "https://registry.yarnpkg.com/cosmiconfig/-/cosmiconfig-3.1.0.tgz#640a94bf9847f321800403cd273af60665c73397"
  dependencies:
    is-directory "^0.3.1"
    js-yaml "^3.9.0"
    parse-json "^3.0.0"
    require-from-string "^2.0.1"

csscolorparser@^1.0.3:
  version "1.0.3"
  resolved "https://registry.yarnpkg.com/csscolorparser/-/csscolorparser-1.0.3.tgz#b34f391eea4da8f3e98231e2ccd8df9c041f171b"

dashify@0.2.2:
  version "0.2.2"
  resolved "https://registry.yarnpkg.com/dashify/-/dashify-0.2.2.tgz#6a07415a01c91faf4a32e38d9dfba71f61cb20fe"

detect-newline@^2.1.0:
  version "2.1.0"
  resolved "https://registry.yarnpkg.com/detect-newline/-/detect-newline-2.1.0.tgz#f41f1c10be4b00e87b5f13da680759f2c5bfd3e2"

diff@3.2.0:
  version "3.2.0"
  resolved "https://registry.yarnpkg.com/diff/-/diff-3.2.0.tgz#c9ce393a4b7cbd0b058a725c93df299027868ff9"

editorconfig-to-prettier@0.0.6:
  version "0.0.6"
  resolved "https://registry.yarnpkg.com/editorconfig-to-prettier/-/editorconfig-to-prettier-0.0.6.tgz#d79bc1a2574e0a94315dd43da3275f92f9331b27"

editorconfig@0.14.2:
  version "0.14.2"
  resolved "https://registry.yarnpkg.com/editorconfig/-/editorconfig-0.14.2.tgz#60fe3336878f38d6e19e0b16cf1f41903f57e6f4"
  dependencies:
    bluebird "^3.0.5"
    commander "^2.9.0"
    lru-cache "^3.2.0"
    semver "^5.1.0"
    sigmund "^1.0.1"

emoji-regex@6.5.1:
  version "6.5.1"
  resolved "https://registry.yarnpkg.com/emoji-regex/-/emoji-regex-6.5.1.tgz#9baea929b155565c11ea41c6626eaa65cef992c2"

error-ex@^1.3.1:
  version "1.3.1"
  resolved "https://registry.yarnpkg.com/error-ex/-/error-ex-1.3.1.tgz#f855a86ce61adc4e8621c3cda21e7a7612c3a8dc"
  dependencies:
    is-arrayish "^0.2.1"

escape-string-regexp@1.0.5, escape-string-regexp@^1.0.2, escape-string-regexp@^1.0.5:
  version "1.0.5"
  resolved "https://registry.yarnpkg.com/escape-string-regexp/-/escape-string-regexp-1.0.5.tgz#1b61c0562190a8dff6ae3bb2cf0200ca130b86d4"

esprima@^4.0.0:
  version "4.0.0"
  resolved "https://registry.yarnpkg.com/esprima/-/esprima-4.0.0.tgz#4499eddcd1110e0b218bacf2fa7f7f59f55ca804"

esutils@2.0.2, esutils@^2.0.2:
  version "2.0.2"
  resolved "https://registry.yarnpkg.com/esutils/-/esutils-2.0.2.tgz#0abf4f1caa5bcb1f7a9d8acc6dea4faaa04bac9b"

extend@^3.0.0:
  version "3.0.1"
  resolved "https://registry.yarnpkg.com/extend/-/extend-3.0.1.tgz#a755ea7bc1adfcc5a31ce7e762dbaadc5e636444"

fault@^1.0.1:
  version "1.0.1"
  resolved "https://registry.yarnpkg.com/fault/-/fault-1.0.1.tgz#de8d350dfd48be24b5dc1b02867e0871b9135092"
  dependencies:
    format "^0.2.2"

find-project-root@1.1.1:
  version "1.1.1"
  resolved "https://registry.yarnpkg.com/find-project-root/-/find-project-root-1.1.1.tgz#d242727a2d904725df5714f23dfdcdedda0b6ef8"

flatten@^1.0.2:
  version "1.0.2"
  resolved "https://registry.yarnpkg.com/flatten/-/flatten-1.0.2.tgz#dae46a9d78fbe25292258cc1e780a41d95c03782"

flow-parser@0.59.0:
  version "0.59.0"
  resolved "https://registry.yarnpkg.com/flow-parser/-/flow-parser-0.59.0.tgz#f6ebcae61ffa187e420999d40ce0a801f39b2635"

format@^0.2.2:
  version "0.2.2"
  resolved "https://registry.yarnpkg.com/format/-/format-0.2.2.tgz#d6170107e9efdc4ed30c9dc39016df942b5cb58b"

fs.realpath@^1.0.0:
  version "1.0.0"
  resolved "https://registry.yarnpkg.com/fs.realpath/-/fs.realpath-1.0.0.tgz#1504ad2523158caa40db4a2787cb01411994ea4f"

get-stream@3.0.0:
  version "3.0.0"
  resolved "https://registry.yarnpkg.com/get-stream/-/get-stream-3.0.0.tgz#8e943d1358dc37555054ecbe2edb05aa174ede14"

glob@^7.0.3:
  version "7.1.2"
  resolved "https://registry.yarnpkg.com/glob/-/glob-7.1.2.tgz#c19c9df9a028702d678612384a6552404c636d15"
  dependencies:
    fs.realpath "^1.0.0"
    inflight "^1.0.4"
    inherits "2"
    minimatch "^3.0.4"
    once "^1.3.0"
    path-is-absolute "^1.0.0"

globby@6.1.0:
  version "6.1.0"
  resolved "https://registry.yarnpkg.com/globby/-/globby-6.1.0.tgz#f5a6d70e8395e21c858fb0489d64df02424d506c"
  dependencies:
    array-union "^1.0.1"
    glob "^7.0.3"
    object-assign "^4.0.1"
    pify "^2.0.0"
    pinkie-promise "^2.0.0"

graphql@0.10.5:
  version "0.10.5"
  resolved "https://registry.yarnpkg.com/graphql/-/graphql-0.10.5.tgz#c9be17ca2bdfdbd134077ffd9bbaa48b8becd298"
  dependencies:
    iterall "^1.1.0"

has-ansi@^2.0.0:
  version "2.0.0"
  resolved "https://registry.yarnpkg.com/has-ansi/-/has-ansi-2.0.0.tgz#34f5049ce1ecdf2b0649af3ef24e45ed35416d91"
  dependencies:
    ansi-regex "^2.0.0"

has-flag@^1.0.0:
  version "1.0.0"
  resolved "https://registry.yarnpkg.com/has-flag/-/has-flag-1.0.0.tgz#9d9e793165ce017a00f00418c43f942a7b1d11fa"

has-flag@^2.0.0:
  version "2.0.0"
  resolved "https://registry.yarnpkg.com/has-flag/-/has-flag-2.0.0.tgz#e8207af1cc7b30d446cc70b734b5e8be18f88d51"

ignore@3.3.7:
  version "3.3.7"
  resolved "https://registry.yarnpkg.com/ignore/-/ignore-3.3.7.tgz#612289bfb3c220e186a58118618d5be8c1bab021"

indexes-of@^1.0.1:
  version "1.0.1"
  resolved "https://registry.yarnpkg.com/indexes-of/-/indexes-of-1.0.1.tgz#f30f716c8e2bd346c7b67d3df3915566a7c05607"

inflight@^1.0.4:
  version "1.0.6"
  resolved "https://registry.yarnpkg.com/inflight/-/inflight-1.0.6.tgz#49bd6331d7d02d0c09bc910a1075ba8165b56df9"
  dependencies:
    once "^1.3.0"
    wrappy "1"

inherits@2, inherits@^2.0.1:
  version "2.0.3"
  resolved "https://registry.yarnpkg.com/inherits/-/inherits-2.0.3.tgz#633c2c83e3da42a502f52466022480f4208261de"

is-alphabetical@^1.0.0:
  version "1.0.1"
  resolved "https://registry.yarnpkg.com/is-alphabetical/-/is-alphabetical-1.0.1.tgz#c77079cc91d4efac775be1034bf2d243f95e6f08"

is-alphanumerical@^1.0.0:
  version "1.0.1"
  resolved "https://registry.yarnpkg.com/is-alphanumerical/-/is-alphanumerical-1.0.1.tgz#dfb4aa4d1085e33bdb61c2dee9c80e9c6c19f53b"
  dependencies:
    is-alphabetical "^1.0.0"
    is-decimal "^1.0.0"

is-arrayish@^0.2.1:
  version "0.2.1"
  resolved "https://registry.yarnpkg.com/is-arrayish/-/is-arrayish-0.2.1.tgz#77c99840527aa8ecb1a8ba697b80645a7a926a9d"

is-buffer@^1.1.4:
  version "1.1.6"
  resolved "https://registry.yarnpkg.com/is-buffer/-/is-buffer-1.1.6.tgz#efaa2ea9daa0d7ab2ea13a97b2b8ad51fefbe8be"

is-decimal@^1.0.0:
  version "1.0.1"
  resolved "https://registry.yarnpkg.com/is-decimal/-/is-decimal-1.0.1.tgz#f5fb6a94996ad9e8e3761fbfbd091f1fca8c4e82"

is-directory@^0.3.1:
  version "0.3.1"
  resolved "https://registry.yarnpkg.com/is-directory/-/is-directory-0.3.1.tgz#61339b6f2475fc772fd9c9d83f5c8575dc154ae1"

is-fullwidth-code-point@^2.0.0:
  version "2.0.0"
  resolved "https://registry.yarnpkg.com/is-fullwidth-code-point/-/is-fullwidth-code-point-2.0.0.tgz#a3b30a5c4f199183167aaab93beefae3ddfb654f"

is-hexadecimal@^1.0.0:
  version "1.0.1"
  resolved "https://registry.yarnpkg.com/is-hexadecimal/-/is-hexadecimal-1.0.1.tgz#6e084bbc92061fbb0971ec58b6ce6d404e24da69"

is-plain-obj@^1.1.0:
  version "1.1.0"
  resolved "https://registry.yarnpkg.com/is-plain-obj/-/is-plain-obj-1.1.0.tgz#71a50c8429dfca773c92a390a4a03b39fcd51d3e"

is-whitespace-character@^1.0.0:
  version "1.0.1"
  resolved "https://registry.yarnpkg.com/is-whitespace-character/-/is-whitespace-character-1.0.1.tgz#9ae0176f3282b65457a1992cdb084f8a5f833e3b"

is-word-character@^1.0.0:
  version "1.0.1"
  resolved "https://registry.yarnpkg.com/is-word-character/-/is-word-character-1.0.1.tgz#5a03fa1ea91ace8a6eb0c7cd770eb86d65c8befb"

iterall@^1.1.0:
  version "1.1.3"
  resolved "https://registry.yarnpkg.com/iterall/-/iterall-1.1.3.tgz#1cbbff96204056dde6656e2ed2e2226d0e6d72c9"

jest-docblock@21.3.0-beta.11:
  version "21.3.0-beta.11"
  resolved "https://registry.yarnpkg.com/jest-docblock/-/jest-docblock-21.3.0-beta.11.tgz#feb4de87c55a2f563ac24c5f4861f61921550896"
  dependencies:
    detect-newline "^2.1.0"

jest-get-type@^21.0.2:
  version "21.2.0"
  resolved "https://registry.yarnpkg.com/jest-get-type/-/jest-get-type-21.2.0.tgz#f6376ab9db4b60d81e39f30749c6c466f40d4a23"

jest-validate@21.1.0:
  version "21.1.0"
  resolved "https://registry.yarnpkg.com/jest-validate/-/jest-validate-21.1.0.tgz#39d01115544a758bce49f221a5fcbb24ebdecc65"
  dependencies:
    chalk "^2.0.1"
    jest-get-type "^21.0.2"
    leven "^2.1.0"
    pretty-format "^21.1.0"

js-base64@^2.1.9:
  version "2.4.0"
  resolved "https://registry.yarnpkg.com/js-base64/-/js-base64-2.4.0.tgz#9e566fee624751a1d720c966cd6226d29d4025aa"

js-tokens@^3.0.0:
  version "3.0.2"
  resolved "https://registry.yarnpkg.com/js-tokens/-/js-tokens-3.0.2.tgz#9866df395102130e38f7f996bceb65443209c25b"

js-yaml@^3.9.0:
  version "3.10.0"
  resolved "https://registry.yarnpkg.com/js-yaml/-/js-yaml-3.10.0.tgz#2e78441646bd4682e963f22b6e92823c309c62dc"
  dependencies:
    argparse "^1.0.7"
    esprima "^4.0.0"

leven@2.1.0, leven@^2.1.0:
  version "2.1.0"
  resolved "https://registry.yarnpkg.com/leven/-/leven-2.1.0.tgz#c2e7a9f772094dee9d34202ae8acce4687875580"

lodash.unescape@4.0.1:
  version "4.0.1"
  resolved "https://registry.yarnpkg.com/lodash.unescape/-/lodash.unescape-4.0.1.tgz#bf2249886ce514cda112fae9218cdc065211fc9c"

lru-cache@^3.2.0:
  version "3.2.0"
  resolved "https://registry.yarnpkg.com/lru-cache/-/lru-cache-3.2.0.tgz#71789b3b7f5399bec8565dda38aa30d2a097efee"
  dependencies:
    pseudomap "^1.0.1"

markdown-escapes@^1.0.0:
  version "1.0.1"
  resolved "https://registry.yarnpkg.com/markdown-escapes/-/markdown-escapes-1.0.1.tgz#1994df2d3af4811de59a6714934c2b2292734518"

mem@1.1.0:
  version "1.1.0"
  resolved "https://registry.yarnpkg.com/mem/-/mem-1.1.0.tgz#5edd52b485ca1d900fe64895505399a0dfa45f76"
  dependencies:
    mimic-fn "^1.0.0"

mimic-fn@^1.0.0:
  version "1.1.0"
  resolved "https://registry.yarnpkg.com/mimic-fn/-/mimic-fn-1.1.0.tgz#e667783d92e89dbd342818b5230b9d62a672ad18"

minimatch@3.0.4, minimatch@^3.0.4:
  version "3.0.4"
  resolved "https://registry.yarnpkg.com/minimatch/-/minimatch-3.0.4.tgz#5166e286457f03306064be5497e8dbb0c3d32083"
  dependencies:
    brace-expansion "^1.1.7"

minimist@1.2.0:
  version "1.2.0"
  resolved "https://registry.yarnpkg.com/minimist/-/minimist-1.2.0.tgz#a35008b20f41383eec1fb914f4cd5df79a264284"

object-assign@^4.0.1:
  version "4.1.1"
  resolved "https://registry.yarnpkg.com/object-assign/-/object-assign-4.1.1.tgz#2109adc7965887cfc05cbbd442cac8bfbb360863"

once@^1.3.0:
  version "1.4.0"
  resolved "https://registry.yarnpkg.com/once/-/once-1.4.0.tgz#583b1aa775961d4b113ac17d9c50baef9dd76bd1"
  dependencies:
    wrappy "1"

parse-entities@^1.0.2:
  version "1.1.1"
  resolved "https://registry.yarnpkg.com/parse-entities/-/parse-entities-1.1.1.tgz#8112d88471319f27abae4d64964b122fe4e1b890"
  dependencies:
    character-entities "^1.0.0"
    character-entities-legacy "^1.0.0"
    character-reference-invalid "^1.0.0"
    is-alphanumerical "^1.0.0"
    is-decimal "^1.0.0"
    is-hexadecimal "^1.0.0"

parse-json@^3.0.0:
  version "3.0.0"
  resolved "https://registry.yarnpkg.com/parse-json/-/parse-json-3.0.0.tgz#fa6f47b18e23826ead32f263e744d0e1e847fb13"
  dependencies:
    error-ex "^1.3.1"

parse5@3.0.3:
  version "3.0.3"
  resolved "https://registry.yarnpkg.com/parse5/-/parse5-3.0.3.tgz#042f792ffdd36851551cf4e9e066b3874ab45b5c"
  dependencies:
    "@types/node" "*"

path-is-absolute@^1.0.0:
  version "1.0.1"
  resolved "https://registry.yarnpkg.com/path-is-absolute/-/path-is-absolute-1.0.1.tgz#174b9268735534ffbc7ace6bf53a5a9e1b5c5f5f"

path-parse@^1.0.5:
  version "1.0.5"
  resolved "https://registry.yarnpkg.com/path-parse/-/path-parse-1.0.5.tgz#3c1adf871ea9cd6c9431b6ea2bd74a0ff055c4c1"

pify@^2.0.0:
  version "2.3.0"
  resolved "https://registry.yarnpkg.com/pify/-/pify-2.3.0.tgz#ed141a6ac043a849ea588498e7dca8b15330e90c"

pinkie-promise@^2.0.0:
  version "2.0.1"
  resolved "https://registry.yarnpkg.com/pinkie-promise/-/pinkie-promise-2.0.1.tgz#2135d6dfa7a358c069ac9b178776288228450ffa"
  dependencies:
    pinkie "^2.0.0"

pinkie@^2.0.0:
  version "2.0.4"
  resolved "https://registry.yarnpkg.com/pinkie/-/pinkie-2.0.4.tgz#72556b80cfa0d48a974e80e77248e80ed4f7f870"

postcss-less@1.1.3:
  version "1.1.3"
  resolved "https://registry.yarnpkg.com/postcss-less/-/postcss-less-1.1.3.tgz#6930525271bfe38d5793d33ac09c1a546b87bb51"
  dependencies:
    postcss "^5.2.16"

postcss-media-query-parser@0.2.3:
  version "0.2.3"
  resolved "https://registry.yarnpkg.com/postcss-media-query-parser/-/postcss-media-query-parser-0.2.3.tgz#27b39c6f4d94f81b1a73b8f76351c609e5cef244"

postcss-scss@1.0.2:
  version "1.0.2"
  resolved "https://registry.yarnpkg.com/postcss-scss/-/postcss-scss-1.0.2.tgz#ff45cf3354b879ee89a4eb68680f46ac9bb14f94"
  dependencies:
    postcss "^6.0.3"

postcss-selector-parser@2.2.3:
  version "2.2.3"
  resolved "https://registry.yarnpkg.com/postcss-selector-parser/-/postcss-selector-parser-2.2.3.tgz#f9437788606c3c9acee16ffe8d8b16297f27bb90"
  dependencies:
    flatten "^1.0.2"
    indexes-of "^1.0.1"
    uniq "^1.0.1"

postcss-values-parser@1.3.1:
  version "1.3.1"
  resolved "https://registry.yarnpkg.com/postcss-values-parser/-/postcss-values-parser-1.3.1.tgz#2a6ceb39cecbbacd1d060f3b16f4c52dd6720c96"
  dependencies:
    flatten "^1.0.2"
    indexes-of "^1.0.1"
    uniq "^1.0.1"

postcss@^5.2.16:
  version "5.2.18"
  resolved "https://registry.yarnpkg.com/postcss/-/postcss-5.2.18.tgz#badfa1497d46244f6390f58b319830d9107853c5"
  dependencies:
    chalk "^1.1.3"
    js-base64 "^2.1.9"
    source-map "^0.5.6"
    supports-color "^3.2.3"

postcss@^6.0.3:
  version "6.0.15"
  resolved "https://registry.yarnpkg.com/postcss/-/postcss-6.0.15.tgz#f460cd6269fede0d1bf6defff0b934a9845d974d"
  dependencies:
    chalk "^2.3.0"
    source-map "^0.6.1"
    supports-color "^5.1.0"

prettier@prettier/prettier#b63c669ed9821a0e0d6918243ef4f4a091b222a9:
  version "1.9.2"
  resolved "https://codeload.github.com/prettier/prettier/tar.gz/b63c669ed9821a0e0d6918243ef4f4a091b222a9"
  dependencies:
    "@babel/code-frame" "7.0.0-beta.35"
    babylon "7.0.0-beta.34"
    camelcase "4.1.0"
    chalk "2.1.0"
    cjk-regex "1.0.2"
    cosmiconfig "3.1.0"
    dashify "0.2.2"
    diff "3.2.0"
    editorconfig "0.14.2"
    editorconfig-to-prettier "0.0.6"
    emoji-regex "6.5.1"
    escape-string-regexp "1.0.5"
    esutils "2.0.2"
    find-project-root "1.1.1"
    flow-parser "0.59.0"
    get-stream "3.0.0"
    globby "6.1.0"
    graphql "0.10.5"
    ignore "3.3.7"
    jest-docblock "21.3.0-beta.11"
    jest-validate "21.1.0"
    leven "2.1.0"
    mem "1.1.0"
    minimatch "3.0.4"
    minimist "1.2.0"
    parse5 "3.0.3"
    postcss-less "1.1.3"
    postcss-media-query-parser "0.2.3"
    postcss-scss "1.0.2"
    postcss-selector-parser "2.2.3"
    postcss-values-parser "1.3.1"
    remark-frontmatter "1.1.0"
    remark-parse "4.0.0"
    resolve "1.5.0"
    semver "5.4.1"
    string-width "2.1.1"
    typescript "2.7.0-insiders.20171214"
    typescript-eslint-parser "11.0.0"
    unicode-regex "1.0.1"
    unified "6.1.6"

pretty-format@^21.1.0:
  version "21.2.1"
  resolved "https://registry.yarnpkg.com/pretty-format/-/pretty-format-21.2.1.tgz#ae5407f3cf21066cd011aa1ba5fce7b6a2eddb36"
  dependencies:
    ansi-regex "^3.0.0"
    ansi-styles "^3.2.0"

pseudomap@^1.0.1:
  version "1.0.2"
  resolved "https://registry.yarnpkg.com/pseudomap/-/pseudomap-1.0.2.tgz#f052a28da70e618917ef0a8ac34c1ae5a68286b3"

remark-frontmatter@1.1.0:
  version "1.1.0"
  resolved "https://registry.yarnpkg.com/remark-frontmatter/-/remark-frontmatter-1.1.0.tgz#9d23c2b376f56617bdb5c5560f1b56e45b19788b"
  dependencies:
    fault "^1.0.1"
    xtend "^4.0.1"

remark-parse@4.0.0:
  version "4.0.0"
  resolved "https://registry.yarnpkg.com/remark-parse/-/remark-parse-4.0.0.tgz#99f1f049afac80382366e2e0d0bd55429dd45d8b"
  dependencies:
    collapse-white-space "^1.0.2"
    is-alphabetical "^1.0.0"
    is-decimal "^1.0.0"
    is-whitespace-character "^1.0.0"
    is-word-character "^1.0.0"
    markdown-escapes "^1.0.0"
    parse-entities "^1.0.2"
    repeat-string "^1.5.4"
    state-toggle "^1.0.0"
    trim "0.0.1"
    trim-trailing-lines "^1.0.0"
    unherit "^1.0.4"
    unist-util-remove-position "^1.0.0"
    vfile-location "^2.0.0"
    xtend "^4.0.1"

repeat-string@^1.5.4:
  version "1.6.1"
  resolved "https://registry.yarnpkg.com/repeat-string/-/repeat-string-1.6.1.tgz#8dcae470e1c88abc2d600fff4a776286da75e637"

replace-ext@1.0.0:
  version "1.0.0"
  resolved "https://registry.yarnpkg.com/replace-ext/-/replace-ext-1.0.0.tgz#de63128373fcbf7c3ccfa4de5a480c45a67958eb"

require-from-string@^2.0.1:
  version "2.0.1"
  resolved "https://registry.yarnpkg.com/require-from-string/-/require-from-string-2.0.1.tgz#c545233e9d7da6616e9d59adfb39fc9f588676ff"

resolve@1.5.0:
  version "1.5.0"
  resolved "https://registry.yarnpkg.com/resolve/-/resolve-1.5.0.tgz#1f09acce796c9a762579f31b2c1cc4c3cddf9f36"
  dependencies:
    path-parse "^1.0.5"

semver@5.4.1, semver@^5.1.0:
  version "5.4.1"
  resolved "https://registry.yarnpkg.com/semver/-/semver-5.4.1.tgz#e059c09d8571f0540823733433505d3a2f00b18e"

sigmund@^1.0.1:
  version "1.0.1"
  resolved "https://registry.yarnpkg.com/sigmund/-/sigmund-1.0.1.tgz#3ff21f198cad2175f9f3b781853fd94d0d19b590"

source-map@^0.5.6:
  version "0.5.7"
  resolved "https://registry.yarnpkg.com/source-map/-/source-map-0.5.7.tgz#8a039d2d1021d22d1ea14c80d8ea468ba2ef3fcc"

source-map@^0.6.1:
  version "0.6.1"
  resolved "https://registry.yarnpkg.com/source-map/-/source-map-0.6.1.tgz#74722af32e9614e9c287a8d0bbde48b5e2f1a263"

sprintf-js@~1.0.2:
  version "1.0.3"
  resolved "https://registry.yarnpkg.com/sprintf-js/-/sprintf-js-1.0.3.tgz#04e6926f662895354f3dd015203633b857297e2c"

state-toggle@^1.0.0:
  version "1.0.0"
  resolved "https://registry.yarnpkg.com/state-toggle/-/state-toggle-1.0.0.tgz#d20f9a616bb4f0c3b98b91922d25b640aa2bc425"

string-width@2.1.1:
  version "2.1.1"
  resolved "https://registry.yarnpkg.com/string-width/-/string-width-2.1.1.tgz#ab93f27a8dc13d28cac815c462143a6d9012ae9e"
  dependencies:
    is-fullwidth-code-point "^2.0.0"
    strip-ansi "^4.0.0"

strip-ansi@^3.0.0:
  version "3.0.1"
  resolved "https://registry.yarnpkg.com/strip-ansi/-/strip-ansi-3.0.1.tgz#6a385fb8853d952d5ff05d0e8aaf94278dc63dcf"
  dependencies:
    ansi-regex "^2.0.0"

strip-ansi@^4.0.0:
  version "4.0.0"
  resolved "https://registry.yarnpkg.com/strip-ansi/-/strip-ansi-4.0.0.tgz#a8479022eb1ac368a871389b635262c505ee368f"
  dependencies:
    ansi-regex "^3.0.0"

supports-color@^2.0.0:
  version "2.0.0"
  resolved "https://registry.yarnpkg.com/supports-color/-/supports-color-2.0.0.tgz#535d045ce6b6363fa40117084629995e9df324c7"

supports-color@^3.2.3:
  version "3.2.3"
  resolved "https://registry.yarnpkg.com/supports-color/-/supports-color-3.2.3.tgz#65ac0504b3954171d8a64946b2ae3cbb8a5f54f6"
  dependencies:
    has-flag "^1.0.0"

supports-color@^4.0.0:
  version "4.5.0"
  resolved "https://registry.yarnpkg.com/supports-color/-/supports-color-4.5.0.tgz#be7a0de484dec5c5cddf8b3d59125044912f635b"
  dependencies:
    has-flag "^2.0.0"

supports-color@^5.1.0:
  version "5.1.0"
  resolved "https://registry.yarnpkg.com/supports-color/-/supports-color-5.1.0.tgz#058a021d1b619f7ddf3980d712ea3590ce7de3d5"
  dependencies:
    has-flag "^2.0.0"

trim-trailing-lines@^1.0.0:
  version "1.1.0"
  resolved "https://registry.yarnpkg.com/trim-trailing-lines/-/trim-trailing-lines-1.1.0.tgz#7aefbb7808df9d669f6da2e438cac8c46ada7684"

trim@0.0.1:
  version "0.0.1"
  resolved "https://registry.yarnpkg.com/trim/-/trim-0.0.1.tgz#5858547f6b290757ee95cccc666fb50084c460dd"

trough@^1.0.0:
  version "1.0.1"
  resolved "https://registry.yarnpkg.com/trough/-/trough-1.0.1.tgz#a9fd8b0394b0ae8fff82e0633a0a36ccad5b5f86"

typescript-eslint-parser@11.0.0:
  version "11.0.0"
  resolved "https://registry.yarnpkg.com/typescript-eslint-parser/-/typescript-eslint-parser-11.0.0.tgz#37dba6a0130dd307504aa4b4b21b0d3dc7d4e9f2"
  dependencies:
    lodash.unescape "4.0.1"
    semver "5.4.1"

typescript@2.7.0-insiders.20171214:
  version "2.7.0-insiders.20171214"
  resolved "https://registry.yarnpkg.com/typescript/-/typescript-2.7.0-insiders.20171214.tgz#841344ddae5f498a97c0435fcd12860480050e71"

unherit@^1.0.4:
  version "1.1.0"
  resolved "https://registry.yarnpkg.com/unherit/-/unherit-1.1.0.tgz#6b9aaedfbf73df1756ad9e316dd981885840cd7d"
  dependencies:
    inherits "^2.0.1"
    xtend "^4.0.1"

unicode-regex@1.0.1:
  version "1.0.1"
  resolved "https://registry.yarnpkg.com/unicode-regex/-/unicode-regex-1.0.1.tgz#f819e050191d5b9561a339a58dd3b9095ed94b35"

unified@6.1.6:
  version "6.1.6"
  resolved "https://registry.yarnpkg.com/unified/-/unified-6.1.6.tgz#5ea7f807a0898f1f8acdeefe5f25faa010cc42b1"
  dependencies:
    bail "^1.0.0"
    extend "^3.0.0"
    is-plain-obj "^1.1.0"
    trough "^1.0.0"
    vfile "^2.0.0"
    x-is-function "^1.0.4"
    x-is-string "^0.1.0"

uniq@^1.0.1:
  version "1.0.1"
  resolved "https://registry.yarnpkg.com/uniq/-/uniq-1.0.1.tgz#b31c5ae8254844a3a8281541ce2b04b865a734ff"

unist-util-is@^2.1.1:
  version "2.1.1"
  resolved "https://registry.yarnpkg.com/unist-util-is/-/unist-util-is-2.1.1.tgz#0c312629e3f960c66e931e812d3d80e77010947b"

unist-util-remove-position@^1.0.0:
  version "1.1.1"
  resolved "https://registry.yarnpkg.com/unist-util-remove-position/-/unist-util-remove-position-1.1.1.tgz#5a85c1555fc1ba0c101b86707d15e50fa4c871bb"
  dependencies:
    unist-util-visit "^1.1.0"

unist-util-stringify-position@^1.0.0, unist-util-stringify-position@^1.1.1:
  version "1.1.1"
  resolved "https://registry.yarnpkg.com/unist-util-stringify-position/-/unist-util-stringify-position-1.1.1.tgz#3ccbdc53679eed6ecf3777dd7f5e3229c1b6aa3c"

unist-util-visit@^1.1.0:
  version "1.3.0"
  resolved "https://registry.yarnpkg.com/unist-util-visit/-/unist-util-visit-1.3.0.tgz#41ca7c82981fd1ce6c762aac397fc24e35711444"
  dependencies:
    unist-util-is "^2.1.1"

vfile-location@^2.0.0:
  version "2.0.2"
  resolved "https://registry.yarnpkg.com/vfile-location/-/vfile-location-2.0.2.tgz#d3675c59c877498e492b4756ff65e4af1a752255"

vfile-message@^1.0.0:
  version "1.0.0"
  resolved "https://registry.yarnpkg.com/vfile-message/-/vfile-message-1.0.0.tgz#a6adb0474ea400fa25d929f1d673abea6a17e359"
  dependencies:
    unist-util-stringify-position "^1.1.1"

vfile@^2.0.0:
  version "2.3.0"
  resolved "https://registry.yarnpkg.com/vfile/-/vfile-2.3.0.tgz#e62d8e72b20e83c324bc6c67278ee272488bf84a"
  dependencies:
    is-buffer "^1.1.4"
    replace-ext "1.0.0"
    unist-util-stringify-position "^1.0.0"
    vfile-message "^1.0.0"

wrappy@1:
  version "1.0.2"
  resolved "https://registry.yarnpkg.com/wrappy/-/wrappy-1.0.2.tgz#b5243d8f3ec1aa35f1364605bc0d1036e30ab69f"

x-is-function@^1.0.4:
  version "1.0.4"
  resolved "https://registry.yarnpkg.com/x-is-function/-/x-is-function-1.0.4.tgz#5d294dc3d268cbdd062580e0c5df77a391d1fa1e"

x-is-string@^0.1.0:
  version "0.1.0"
  resolved "https://registry.yarnpkg.com/x-is-string/-/x-is-string-0.1.0.tgz#474b50865af3a49a9c4657f05acd145458f77d82"

xtend@^4.0.1:
  version "4.0.1"
  resolved "https://registry.yarnpkg.com/xtend/-/xtend-4.0.1.tgz#a5c6d532be656e23db820efb943a1f04998d63af"
