PODS:
  - LetsMove (1.24)
  - lottie-ios (2.1.3)
  - MASPreferences (1.3)
  - Sparkle (1.22.0)
  - SwiftLint (0.39.1)
  - Yoga (1.14.0)

DEPENDENCIES:
  - LetsMove
  - lottie-ios (from `https://github.com/dabbott/lottie-ios.git`, branch `master`)
  - MASPreferences (~> 1.3)
  - Sparkle
  - SwiftLint
  - Yoga (~> 1.14)

SPEC REPOS:
  trunk:
    - LetsMove
    - MASPreferences
    - Sparkle
    - SwiftLint
    - Yoga

EXTERNAL SOURCES:
  lottie-ios:
    :branch: master
    :git: https://github.com/dabbott/lottie-ios.git

CHECKOUT OPTIONS:
  lottie-ios:
    :commit: 973c08da8ccf3dbc171bcd9e8748e6368c5a2107
    :git: https://github.com/dabbott/lottie-ios.git

SPEC CHECKSUMS:
  LetsMove: fefe56bc7bc7fb7d37049e28a14f297961229fc5
  lottie-ios: 8c150606598931621e927377f1426d2d3e99282d
  MASPreferences: c08b8622dd17b47da87669e741efd7c92e970e8c
  Sparkle: 593ac2e677c07bcb6c3b22d621240e7cbedaab57
  SwiftLint: 55e96a4a4d537d4a3156859fc1c54bd24851a046
  Yoga: cff67a400f6b74dc38eb0bad4f156673d9aa980c

PODFILE CHECKSUM: 16da7082ec28bbdb5fd3137b5cf6decee09324df

COCOAPODS: 1.9.0.beta.2
