PODS:
  - LetsMove (1.24)
  - lottie-ios (2.1.3)
  - MASPreferences (1.3)
  - Sparkle (1.18.1)
  - SwiftLint (0.24.2)
  - Yoga (1.14.0)

DEPENDENCIES:
  - LetsMove
  - lottie-ios (from `https://github.com/dabbott/lottie-ios.git`, branch `master`)
  - MASPreferences (~> 1.3)
  - Sparkle
  - SwiftLint
  - Yoga (~> 1.14)

EXTERNAL SOURCES:
  lottie-ios:
    :branch: master
    :git: https://github.com/dabbott/lottie-ios.git

CHECKOUT OPTIONS:
  lottie-ios:
    :commit: 973c08da8ccf3dbc171bcd9e8748e6368c5a2107
    :git: https://github.com/dabbott/lottie-ios.git

SPEC CHECKSUMS:
  LetsMove: fefe56bc7bc7fb7d37049e28a14f297961229fc5
  lottie-ios: 8c150606598931621e927377f1426d2d3e99282d
  MASPreferences: c08b8622dd17b47da87669e741efd7c92e970e8c
  Sparkle: 06ea33170007c5937ee54da481b4481af98fac79
  SwiftLint: 2aa21b96c8d13396a051bc1cb659d2ce1e0075b0
  Yoga: cff67a400f6b74dc38eb0bad4f156673d9aa980c

PODFILE CHECKSUM: 8fa6bc273ec8c80414f4f128a2b7ee935d4103cc

COCOAPODS: 1.4.0
